// !$*UTF8*$!
{
	archiveVersion = 1;
	classes = {
	};
	objectVersion = 46;
	objects = {

/* Begin PBXBuildFile section */
		27F49ACC1C1ED14500FB9C85 /* main.m in Sources */ = {isa = PBXBuildFile; fileRef = 27F49ACB1C1ED14500FB9C85 /* main.m */; };
		27F49ACF1C1ED14500FB9C85 /* AppDelegate.m in Sources */ = {isa = PBXBuildFile; fileRef = 27F49ACE1C1ED14500FB9C85 /* AppDelegate.m */; };
		27F49AD21C1ED14500FB9C85 /* ViewController.m in Sources */ = {isa = PBXBuildFile; fileRef = 27F49AD11C1ED14500FB9C85 /* ViewController.m */; };
		27F49AD51C1ED14500FB9C85 /* Main.storyboard in Resources */ = {isa = PBXBuildFile; fileRef = 27F49AD31C1ED14500FB9C85 /* Main.storyboard */; };
		27F49AD71C1ED14500FB9C85 /* Assets.xcassets in Resources */ = {isa = PBXBuildFile; fileRef = 27F49AD61C1ED14500FB9C85 /* Assets.xcassets */; };
		27F49ADA1C1ED14500FB9C85 /* LaunchScreen.storyboard in Resources */ = {isa = PBXBuildFile; fileRef = 27F49AD81C1ED14500FB9C85 /* LaunchScreen.storyboard */; };
		27F49AE51C1ED14500FB9C85 /* mapkitExampleTests.m in Sources */ = {isa = PBXBuildFile; fileRef = 27F49AE41C1ED14500FB9C85 /* mapkitExampleTests.m */; };
		27F49AF01C1ED14500FB9C85 /* mapkitExampleUITests.m in Sources */ = {isa = PBXBuildFile; fileRef = 27F49AEF1C1ED14500FB9C85 /* mapkitExampleUITests.m */; };
/* End PBXBuildFile section */

/* Begin PBXContainerItemProxy section */
		27F49AE11C1ED14500FB9C85 /* PBXContainerItemProxy */ = {
			isa = PBXContainerItemProxy;
			containerPortal = 27F49ABF1C1ED14500FB9C85 /* Project object */;
			proxyType = 1;
			remoteGlobalIDString = 27F49AC61C1ED14500FB9C85;
			remoteInfo = mapkitExample;
		};
		27F49AEC1C1ED14500FB9C85 /* PBXContainerItemProxy */ = {
			isa = PBXContainerItemProxy;
			containerPortal = 27F49ABF1C1ED14500FB9C85 /* Project object */;
			proxyType = 1;
			remoteGlobalIDString = 27F49AC61C1ED14500FB9C85;
			remoteInfo = mapkitExample;
		};
/* End PBXContainerItemProxy section */

/* Begin PBXFileReference section */
		27F49AC71C1ED14500FB9C85 /* mapkitExample.app */ = {isa = PBXFileReference; explicitFileType = wrapper.application; includeInIndex = 0; path = mapkitExample.app; sourceTree = BUILT_PRODUCTS_DIR; };
		27F49ACB1C1ED14500FB9C85 /* main.m */ = {isa = PBXFileReference; lastKnownFileType = sourcecode.c.objc; path = main.m; sourceTree = "<group>"; };
		27F49ACD1C1ED14500FB9C85 /* AppDelegate.h */ = {isa = PBXFileReference; lastKnownFileType = sourcecode.c.h; path = AppDelegate.h; sourceTree = "<group>"; };
		27F49ACE1C1ED14500FB9C85 /* AppDelegate.m */ = {isa = PBXFileReference; lastKnownFileType = sourcecode.c.objc; path = AppDelegate.m; sourceTree = "<group>"; };
		27F49AD01C1ED14500FB9C85 /* ViewController.h */ = {isa = PBXFileReference; lastKnownFileType = sourcecode.c.h; path = ViewController.h; sourceTree = "<group>"; };
		27F49AD11C1ED14500FB9C85 /* ViewController.m */ = {isa = PBXFileReference; lastKnownFileType = sourcecode.c.objc; path = ViewController.m; sourceTree = "<group>"; };
		27F49AD41C1ED14500FB9C85 /* Base */ = {isa = PBXFileReference; lastKnownFileType = file.storyboard; name = Base; path = Base.lproj/Main.storyboard; sourceTree = "<group>"; };
		27F49AD61C1ED14500FB9C85 /* Assets.xcassets */ = {isa = PBXFileReference; lastKnownFileType = folder.assetcatalog; path = Assets.xcassets; sourceTree = "<group>"; };
		27F49AD91C1ED14500FB9C85 /* Base */ = {isa = PBXFileReference; lastKnownFileType = file.storyboard; name = Base; path = Base.lproj/LaunchScreen.storyboard; sourceTree = "<group>"; };
		27F49ADB1C1ED14500FB9C85 /* Info.plist */ = {isa = PBXFileReference; lastKnownFileType = text.plist.xml; path = Info.plist; sourceTree = "<group>"; };
		27F49AE01C1ED14500FB9C85 /* mapkitExampleTests.xctest */ = {isa = PBXFileReference; explicitFileType = wrapper.cfbundle; includeInIndex = 0; path = mapkitExampleTests.xctest; sourceTree = BUILT_PRODUCTS_DIR; };
		27F49AE41C1ED14500FB9C85 /* mapkitExampleTests.m */ = {isa = PBXFileReference; lastKnownFileType = sourcecode.c.objc; path = mapkitExampleTests.m; sourceTree = "<group>"; };
		27F49AE61C1ED14500FB9C85 /* Info.plist */ = {isa = PBXFileReference; lastKnownFileType = text.plist.xml; path = Info.plist; sourceTree = "<group>"; };
		27F49AEB1C1ED14500FB9C85 /* mapkitExampleUITests.xctest */ = {isa = PBXFileReference; explicitFileType = wrapper.cfbundle; includeInIndex = 0; path = mapkitExampleUITests.xctest; sourceTree = BUILT_PRODUCTS_DIR; };
		27F49AEF1C1ED14500FB9C85 /* mapkitExampleUITests.m */ = {isa = PBXFileReference; lastKnownFileType = sourcecode.c.objc; path = mapkitExampleUITests.m; sourceTree = "<group>"; };
		27F49AF11C1ED14500FB9C85 /* Info.plist */ = {isa = PBXFileReference; lastKnownFileType = text.plist.xml; path = Info.plist; sourceTree = "<group>"; };
/* End PBXFileReference section */

/* Begin PBXFrameworksBuildPhase section */
		27F49AC41C1ED14500FB9C85 /* Frameworks */ = {
			isa = PBXFrameworksBuildPhase;
			buildActionMask = 2147483647;
			files = (
			);
			runOnlyForDeploymentPostprocessing = 0;
		};
		27F49ADD1C1ED14500FB9C85 /* Frameworks */ = {
			isa = PBXFrameworksBuildPhase;
			buildActionMask = 2147483647;
			files = (
			);
			runOnlyForDeploymentPostprocessing = 0;
		};
		27F49AE81C1ED14500FB9C85 /* Frameworks */ = {
			isa = PBXFrameworksBuildPhase;
			buildActionMask = 2147483647;
			files = (
			);
			runOnlyForDeploymentPostprocessing = 0;
		};
/* End PBXFrameworksBuildPhase section */

/* Begin PBXGroup section */
		27F49ABE1C1ED14500FB9C85 = {
			isa = PBXGroup;
			children = (
				27F49AC91C1ED14500FB9C85 /* mapkitExample */,
				27F49AE31C1ED14500FB9C85 /* mapkitExampleTests */,
				27F49AEE1C1ED14500FB9C85 /* mapkitExampleUITests */,
				27F49AC81C1ED14500FB9C85 /* Products */,
			);
			sourceTree = "<group>";
		};
		27F49AC81C1ED14500FB9C85 /* Products */ = {
			isa = PBXGroup;
			children = (
				27F49AC71C1ED14500FB9C85 /* mapkitExample.app */,
				27F49AE01C1ED14500FB9C85 /* mapkitExampleTests.xctest */,
				27F49AEB1C1ED14500FB9C85 /* mapkitExampleUITests.xctest */,
			);
			name = Products;
			sourceTree = "<group>";
		};
		27F49AC91C1ED14500FB9C85 /* mapkitExample */ = {
			isa = PBXGroup;
			children = (
				27F49ACD1C1ED14500FB9C85 /* AppDelegate.h */,
				27F49ACE1C1ED14500FB9C85 /* AppDelegate.m */,
				27F49AD01C1ED14500FB9C85 /* ViewController.h */,
				27F49AD11C1ED14500FB9C85 /* ViewController.m */,
				27F49AD31C1ED14500FB9C85 /* Main.storyboard */,
				27F49AD61C1ED14500FB9C85 /* Assets.xcassets */,
				27F49AD81C1ED14500FB9C85 /* LaunchScreen.storyboard */,
				27F49ADB1C1ED14500FB9C85 /* Info.plist */,
				27F49ACA1C1ED14500FB9C85 /* Supporting Files */,
			);
			path = mapkitExample;
			sourceTree = "<group>";
		};
		27F49ACA1C1ED14500FB9C85 /* Supporting Files */ = {
			isa = PBXGroup;
			children = (
				27F49ACB1C1ED14500FB9C85 /* main.m */,
			);
			name = "Supporting Files";
			sourceTree = "<group>";
		};
		27F49AE31C1ED14500FB9C85 /* mapkitExampleTests */ = {
			isa = PBXGroup;
			children = (
				27F49AE41C1ED14500FB9C85 /* mapkitExampleTests.m */,
				27F49AE61C1ED14500FB9C85 /* Info.plist */,
			);
			path = mapkitExampleTests;
			sourceTree = "<group>";
		};
		27F49AEE1C1ED14500FB9C85 /* mapkitExampleUITests */ = {
			isa = PBXGroup;
			children = (
				27F49AEF1C1ED14500FB9C85 /* mapkitExampleUITests.m */,
				27F49AF11C1ED14500FB9C85 /* Info.plist */,
			);
			path = mapkitExampleUITests;
			sourceTree = "<group>";
		};
/* End PBXGroup section */

/* Begin PBXNativeTarget section */
		27F49AC61C1ED14500FB9C85 /* mapkitExample */ = {
			isa = PBXNativeTarget;
			buildConfigurationList = 27F49AF41C1ED14500FB9C85 /* Build configuration list for PBXNativeTarget "mapkitExample" */;
			buildPhases = (
				27F49AC31C1ED14500FB9C85 /* Sources */,
				27F49AC41C1ED14500FB9C85 /* Frameworks */,
				27F49AC51C1ED14500FB9C85 /* Resources */,
			);
			buildRules = (
			);
			dependencies = (
			);
			name = mapkitExample;
			productName = mapkitExample;
			productReference = 27F49AC71C1ED14500FB9C85 /* mapkitExample.app */;
			productType = "com.apple.product-type.application";
		};
		27F49ADF1C1ED14500FB9C85 /* mapkitExampleTests */ = {
			isa = PBXNativeTarget;
			buildConfigurationList = 27F49AF71C1ED14500FB9C85 /* Build configuration list for PBXNativeTarget "mapkitExampleTests" */;
			buildPhases = (
				27F49ADC1C1ED14500FB9C85 /* Sources */,
				27F49ADD1C1ED14500FB9C85 /* Frameworks */,
				27F49ADE1C1ED14500FB9C85 /* Resources */,
			);
			buildRules = (
			);
			dependencies = (
				27F49AE21C1ED14500FB9C85 /* PBXTargetDependency */,
			);
			name = mapkitExampleTests;
			productName = mapkitExampleTests;
			productReference = 27F49AE01C1ED14500FB9C85 /* mapkitExampleTests.xctest */;
			productType = "com.apple.product-type.bundle.unit-test";
		};
		27F49AEA1C1ED14500FB9C85 /* mapkitExampleUITests */ = {
			isa = PBXNativeTarget;
			buildConfigurationList = 27F49AFA1C1ED14500FB9C85 /* Build configuration list for PBXNativeTarget "mapkitExampleUITests" */;
			buildPhases = (
				27F49AE71C1ED14500FB9C85 /* Sources */,
				27F49AE81C1ED14500FB9C85 /* Frameworks */,
				27F49AE91C1ED14500FB9C85 /* Resources */,
			);
			buildRules = (
			);
			dependencies = (
				27F49AED1C1ED14500FB9C85 /* PBXTargetDependency */,
			);
			name = mapkitExampleUITests;
			productName = mapkitExampleUITests;
			productReference = 27F49AEB1C1ED14500FB9C85 /* mapkitExampleUITests.xctest */;
			productType = "com.apple.product-type.bundle.ui-testing";
		};
/* End PBXNativeTarget section */

/* Begin PBXProject section */
		27F49ABF1C1ED14500FB9C85 /* Project object */ = {
			isa = PBXProject;
			attributes = {
				LastUpgradeCheck = 0700;
				ORGANIZATIONNAME = Vishnu;
				TargetAttributes = {
					27F49AC61C1ED14500FB9C85 = {
						CreatedOnToolsVersion = 7.0;
					};
					27F49ADF1C1ED14500FB9C85 = {
						CreatedOnToolsVersion = 7.0;
						TestTargetID = 27F49AC61C1ED14500FB9C85;
					};
					27F49AEA1C1ED14500FB9C85 = {
						CreatedOnToolsVersion = 7.0;
						TestTargetID = 27F49AC61C1ED14500FB9C85;
					};
				};
			};
			buildConfigurationList = 27F49AC21C1ED14500FB9C85 /* Build configuration list for PBXProject "mapkitExample" */;
			compatibilityVersion = "Xcode 3.2";
			developmentRegion = English;
			hasScannedForEncodings = 0;
			knownRegions = (
				en,
				Base,
			);
			mainGroup = 27F49ABE1C1ED14500FB9C85;
			productRefGroup = 27F49AC81C1ED14500FB9C85 /* Products */;
			projectDirPath = "";
			projectRoot = "";
			targets = (
				27F49AC61C1ED14500FB9C85 /* mapkitExample */,
				27F49ADF1C1ED14500FB9C85 /* mapkitExampleTests */,
				27F49AEA1C1ED14500FB9C85 /* mapkitExampleUITests */,
			);
		};
/* End PBXProject section */

/* Begin PBXResourcesBuildPhase section */
		27F49AC51C1ED14500FB9C85 /* Resources */ = {
			isa = PBXResourcesBuildPhase;
			buildActionMask = 2147483647;
			files = (
				27F49ADA1C1ED14500FB9C85 /* LaunchScreen.storyboard in Resources */,
				27F49AD71C1ED14500FB9C85 /* Assets.xcassets in Resources */,
				27F49AD51C1ED14500FB9C85 /* Main.storyboard in Resources */,
			);
			runOnlyForDeploymentPostprocessing = 0;
		};
		27F49ADE1C1ED14500FB9C85 /* Resources */ = {
			isa = PBXResourcesBuildPhase;
			buildActionMask = 2147483647;
			files = (
			);
			runOnlyForDeploymentPostprocessing = 0;
		};
		27F49AE91C1ED14500FB9C85 /* Resources */ = {
			isa = PBXResourcesBuildPhase;
			buildActionMask = 2147483647;
			files = (
			);
			runOnlyForDeploymentPostprocessing = 0;
		};
/* End PBXResourcesBuildPhase section */

/* Begin PBXSourcesBuildPhase section */
		27F49AC31C1ED14500FB9C85 /* Sources */ = {
			isa = PBXSourcesBuildPhase;
			buildActionMask = 2147483647;
			files = (
				27F49AD21C1ED14500FB9C85 /* ViewController.m in Sources */,
				27F49ACF1C1ED14500FB9C85 /* AppDelegate.m in Sources */,
				27F49ACC1C1ED14500FB9C85 /* main.m in Sources */,
			);
			runOnlyForDeploymentPostprocessing = 0;
		};
		27F49ADC1C1ED14500FB9C85 /* Sources */ = {
			isa = PBXSourcesBuildPhase;
			buildActionMask = 2147483647;
			files = (
				27F49AE51C1ED14500FB9C85 /* mapkitExampleTests.m in Sources */,
			);
			runOnlyForDeploymentPostprocessing = 0;
		};
		27F49AE71C1ED14500FB9C85 /* Sources */ = {
			isa = PBXSourcesBuildPhase;
			buildActionMask = 2147483647;
			files = (
				27F49AF01C1ED14500FB9C85 /* mapkitExampleUITests.m in Sources */,
			);
			runOnlyForDeploymentPostprocessing = 0;
		};
/* End PBXSourcesBuildPhase section */

/* Begin PBXTargetDependency section */
		27F49AE21C1ED14500FB9C85 /* PBXTargetDependency */ = {
			isa = PBXTargetDependency;
			target = 27F49AC61C1ED14500FB9C85 /* mapkitExample */;
			targetProxy = 27F49AE11C1ED14500FB9C85 /* PBXContainerItemProxy */;
		};
		27F49AED1C1ED14500FB9C85 /* PBXTargetDependency */ = {
			isa = PBXTargetDependency;
			target = 27F49AC61C1ED14500FB9C85 /* mapkitExample */;
			targetProxy = 27F49AEC1C1ED14500FB9C85 /* PBXContainerItemProxy */;
		};
/* End PBXTargetDependency section */

/* Begin PBXVariantGroup section */
		27F49AD31C1ED14500FB9C85 /* Main.storyboard */ = {
			isa = PBXVariantGroup;
			children = (
				27F49AD41C1ED14500FB9C85 /* Base */,
			);
			name = Main.storyboard;
			sourceTree = "<group>";
		};
		27F49AD81C1ED14500FB9C85 /* LaunchScreen.storyboard */ = {
			isa = PBXVariantGroup;
			children = (
				27F49AD91C1ED14500FB9C85 /* Base */,
			);
			name = LaunchScreen.storyboard;
			sourceTree = "<group>";
		};
/* End PBXVariantGroup section */

/* Begin XCBuildConfiguration section */
		27F49AF21C1ED14500FB9C85 /* Debug */ = {
			isa = XCBuildConfiguration;
			buildSettings = {
				ALWAYS_SEARCH_USER_PATHS = NO;
				CLANG_CXX_LANGUAGE_STANDARD = "gnu++0x";
				CLANG_CXX_LIBRARY = "libc++";
				CLANG_ENABLE_MODULES = YES;
				CLANG_ENABLE_OBJC_ARC = YES;
				CLANG_WARN_BOOL_CONVERSION = YES;
				CLANG_WARN_CONSTANT_CONVERSION = YES;
				CLANG_WARN_DIRECT_OBJC_ISA_USAGE = YES_ERROR;
				CLANG_WARN_EMPTY_BODY = YES;
				CLANG_WARN_ENUM_CONVERSION = YES;
				CLANG_WARN_INT_CONVERSION = YES;
				CLANG_WARN_OBJC_ROOT_CLASS = YES_ERROR;
				CLANG_WARN_UNREACHABLE_CODE = YES;
				CLANG_WARN__DUPLICATE_METHOD_MATCH = YES;
				"CODE_SIGN_IDENTITY[sdk=iphoneos*]" = "iPhone Developer";
				COPY_PHASE_STRIP = NO;
				DEBUG_INFORMATION_FORMAT = dwarf;
				ENABLE_STRICT_OBJC_MSGSEND = YES;
				ENABLE_TESTABILITY = YES;
				GCC_C_LANGUAGE_STANDARD = gnu99;
				GCC_DYNAMIC_NO_PIC = NO;
				GCC_NO_COMMON_BLOCKS = YES;
				GCC_OPTIMIZATION_LEVEL = 0;
				GCC_PREPROCESSOR_DEFINITIONS = (
					"DEBUG=1",
					"$(inherited)",
				);
				GCC_WARN_64_TO_32_BIT_CONVERSION = YES;
				GCC_WARN_ABOUT_RETURN_TYPE = YES_ERROR;
				GCC_WARN_UNDECLARED_SELECTOR = YES;
				GCC_WARN_UNINITIALIZED_AUTOS = YES_AGGRESSIVE;
				GCC_WARN_UNUSED_FUNCTION = YES;
				GCC_WARN_UNUSED_VARIABLE = YES;
				IPHONEOS_DEPLOYMENT_TARGET = 9.0;
				MTL_ENABLE_DEBUG_INFO = YES;
				ONLY_ACTIVE_ARCH = YES;
				SDKROOT = iphoneos;
			};
			name = Debug;
		};
		27F49AF31C1ED14500FB9C85 /* Release */ = {
			isa = XCBuildConfiguration;
			buildSettings = {
				ALWAYS_SEARCH_USER_PATHS = NO;
				CLANG_CXX_LANGUAGE_STANDARD = "gnu++0x";
				CLANG_CXX_LIBRARY = "libc++";
				CLANG_ENABLE_MODULES = YES;
				CLANG_ENABLE_OBJC_ARC = YES;
				CLANG_WARN_BOOL_CONVERSION = YES;
				CLANG_WARN_CONSTANT_CONVERSION = YES;
				CLANG_WARN_DIRECT_OBJC_ISA_USAGE = YES_ERROR;
				CLANG_WARN_EMPTY_BODY = YES;
				CLANG_WARN_ENUM_CONVERSION = YES;
				CLANG_WARN_INT_CONVERSION = YES;
				CLANG_WARN_OBJC_ROOT_CLASS = YES_ERROR;
				CLANG_WARN_UNREACHABLE_CODE = YES;
				CLANG_WARN__DUPLICATE_METHOD_MATCH = YES;
				"CODE_SIGN_IDENTITY[sdk=iphoneos*]" = "iPhone Developer";
				COPY_PHASE_STRIP = NO;
				DEBUG_INFORMATION_FORMAT = "dwarf-with-dsym";
				ENABLE_NS_ASSERTIONS = NO;
				ENABLE_STRICT_OBJC_MSGSEND = YES;
				GCC_C_LANGUAGE_STANDARD = gnu99;
				GCC_NO_COMMON_BLOCKS = YES;
				GCC_WARN_64_TO_32_BIT_CONVERSION = YES;
				GCC_WARN_ABOUT_RETURN_TYPE = YES_ERROR;
				GCC_WARN_UNDECLARED_SELECTOR = YES;
				GCC_WARN_UNINITIALIZED_AUTOS = YES_AGGRESSIVE;
				GCC_WARN_UNUSED_FUNCTION = YES;
				GCC_WARN_UNUSED_VARIABLE = YES;
				IPHONEOS_DEPLOYMENT_TARGET = 9.0;
				MTL_ENABLE_DEBUG_INFO = NO;
				SDKROOT = iphoneos;
				VALIDATE_PRODUCT = YES;
			};
			name = Release;
		};
		27F49AF51C1ED14500FB9C85 /* Debug */ = {
			isa = XCBuildConfiguration;
			buildSettings = {
				ASSETCATALOG_COMPILER_APPICON_NAME = AppIcon;
				INFOPLIST_FILE = mapkitExample/Info.plist;
				LD_RUNPATH_SEARCH_PATHS = "$(inherited) @executable_path/Frameworks";
				PRODUCT_BUNDLE_IDENTIFIER = com.example.mapkitExample;
				PRODUCT_NAME = "$(TARGET_NAME)";
			};
			name = Debug;
		};
		27F49AF61C1ED14500FB9C85 /* Release */ = {
			isa = XCBuildConfiguration;
			buildSettings = {
				ASSETCATALOG_COMPILER_APPICON_NAME = AppIcon;
				INFOPLIST_FILE = mapkitExample/Info.plist;
				LD_RUNPATH_SEARCH_PATHS = "$(inherited) @executable_path/Frameworks";
				PRODUCT_BUNDLE_IDENTIFIER = com.example.mapkitExample;
				PRODUCT_NAME = "$(TARGET_NAME)";
			};
			name = Release;
		};
		27F49AF81C1ED14500FB9C85 /* Debug */ = {
			isa = XCBuildConfiguration;
			buildSettings = {
				BUNDLE_LOADER = "$(TEST_HOST)";
				INFOPLIST_FILE = mapkitExampleTests/Info.plist;
				LD_RUNPATH_SEARCH_PATHS = "$(inherited) @executable_path/Frameworks @loader_path/Frameworks";
				PRODUCT_BUNDLE_IDENTIFIER = com.example.mapkitExampleTests;
				PRODUCT_NAME = "$(TARGET_NAME)";
				TEST_HOST = "$(BUILT_PRODUCTS_DIR)/mapkitExample.app/mapkitExample";
			};
			name = Debug;
		};
		27F49AF91C1ED14500FB9C85 /* Release */ = {
			isa = XCBuildConfiguration;
			buildSettings = {
				BUNDLE_LOADER = "$(TEST_HOST)";
				INFOPLIST_FILE = mapkitExampleTests/Info.plist;
				LD_RUNPATH_SEARCH_PATHS = "$(inherited) @executable_path/Frameworks @loader_path/Frameworks";
				PRODUCT_BUNDLE_IDENTIFIER = com.example.mapkitExampleTests;
				PRODUCT_NAME = "$(TARGET_NAME)";
				TEST_HOST = "$(BUILT_PRODUCTS_DIR)/mapkitExample.app/mapkitExample";
			};
			name = Release;
		};
		27F49AFB1C1ED14500FB9C85 /* Debug */ = {
			isa = XCBuildConfiguration;
			buildSettings = {
				INFOPLIST_FILE = mapkitExampleUITests/Info.plist;
				LD_RUNPATH_SEARCH_PATHS = "$(inherited) @executable_path/Frameworks @loader_path/Frameworks";
				PRODUCT_BUNDLE_IDENTIFIER = com.example.mapkitExampleUITests;
				PRODUCT_NAME = "$(TARGET_NAME)";
				TEST_TARGET_NAME = mapkitExample;
				USES_XCTRUNNER = YES;
			};
			name = Debug;
		};
		27F49AFC1C1ED14500FB9C85 /* Release */ = {
			isa = XCBuildConfiguration;
			buildSettings = {
				INFOPLIST_FILE = mapkitExampleUITests/Info.plist;
				LD_RUNPATH_SEARCH_PATHS = "$(inherited) @executable_path/Frameworks @loader_path/Frameworks";
				PRODUCT_BUNDLE_IDENTIFIER = com.example.mapkitExampleUITests;
				PRODUCT_NAME = "$(TARGET_NAME)";
				TEST_TARGET_NAME = mapkitExample;
				USES_XCTRUNNER = YES;
			};
			name = Release;
		};
/* End XCBuildConfiguration section */

/* Begin XCConfigurationList section */
		27F49AC21C1ED14500FB9C85 /* Build configuration list for PBXProject "mapkitExample" */ = {
			isa = XCConfigurationList;
			buildConfigurations = (
				27F49AF21C1ED14500FB9C85 /* Debug */,
				27F49AF31C1ED14500FB9C85 /* Release */,
			);
			defaultConfigurationIsVisible = 0;
			defaultConfigurationName = Release;
		};
		27F49AF41C1ED14500FB9C85 /* Build configuration list for PBXNativeTarget "mapkitExample" */ = {
			isa = XCConfigurationList;
			buildConfigurations = (
				27F49AF51C1ED14500FB9C85 /* Debug */,
				27F49AF61C1ED14500FB9C85 /* Release */,
			);
			defaultConfigurationIsVisible = 0;
		};
		27F49AF71C1ED14500FB9C85 /* Build configuration list for PBXNativeTarget "mapkitExampleTests" */ = {
			isa = XCConfigurationList;
			buildConfigurations = (
				27F49AF81C1ED14500FB9C85 /* Debug */,
				27F49AF91C1ED14500FB9C85 /* Release */,
			);
			defaultConfigurationIsVisible = 0;
		};
		27F49AFA1C1ED14500FB9C85 /* Build configuration list for PBXNativeTarget "mapkitExampleUITests" */ = {
			isa = XCConfigurationList;
			buildConfigurations = (
				27F49AFB1C1ED14500FB9C85 /* Debug */,
				27F49AFC1C1ED14500FB9C85 /* Release */,
			);
			defaultConfigurationIsVisible = 0;
		};
/* End XCConfigurationList section */
	};
	rootObject = 27F49ABF1C1ED14500FB9C85 /* Project object */;
}
